
Microsoft Visual Studio Solution File, Format Version 12.00
# Visual Studio Version 17
VisualStudioVersion = 17.7.34221.43
MinimumVisualStudioVersion = 10.0.40219.1
Project("{FAE04EC0-301F-11D3-BF4B-00C04F79EFBC}") = "SocketAsync_Client_Human_Server_Bot", "SocketAsync_Client_Human_Server_Bot\SocketAsync_Client_Human_Server_Bot.csproj", "{D3F6B068-FB97-4B34-B1AD-4260256F869B}"
EndProject
Project("{FAE04EC0-301F-11D3-BF4B-00C04F79EFBC}") = "ServerAsync", "ServerAsync\ServerAsync.csproj", "{6A19731B-0528-4395-B118-535FE0EFB22F}"
EndProject
Global
	GlobalSection(SolutionConfigurationPlatforms) = preSolution
		Debug|Any CPU = Debug|Any CPU
		Release|Any CPU = Release|Any CPU
	EndGlobalSection
	GlobalSection(ProjectConfigurationPlatforms) = postSolution
		{D3F6B068-FB97-4B34-B1AD-4260256F869B}.Debug|Any CPU.ActiveCfg = Debug|Any CPU
		{D3F6B068-FB97-4B34-B1AD-4260256F869B}.Debug|Any CPU.Build.0 = Debug|Any CPU
		{D3F6B068-FB97-4B34-B1AD-4260256F869B}.Release|Any CPU.ActiveCfg = Release|Any CPU
		{D3F6B068-FB97-4B34-B1AD-4260256F869B}.Release|Any CPU.Build.0 = Release|Any CPU
		{6A19731B-0528-4395-B118-535FE0EFB22F}.Debug|Any CPU.ActiveCfg = Debug|Any CPU
		{6A19731B-0528-4395-B118-535FE0EFB22F}.Debug|Any CPU.Build.0 = Debug|Any CPU
		{6A19731B-0528-4395-B118-535FE0EFB22F}.Release|Any CPU.ActiveCfg = Release|Any CPU
		{6A19731B-0528-4395-B118-535FE0EFB22F}.Release|Any CPU.Build.0 = Release|Any CPU
	EndGlobalSection
	GlobalSection(SolutionProperties) = preSolution
		HideSolutionNode = FALSE
	EndGlobalSection
	GlobalSection(ExtensibilityGlobals) = postSolution
		SolutionGuid = {931B1FAA-5430-473D-8D6E-94886A2AC154}
	EndGlobalSection
EndGlobal
